
Microsoft Visual Studio Solution File, Format Version 12.00
# Visual Studio 15
VisualStudioVersion = 15.0.28307.539
MinimumVisualStudioVersion = 10.0.40219.1
Project("{9A19103F-16F7-4668-BE54-9A1E7A4F7556}") = "GoBike.Team.API", "GoBike.Team.API\GoBike.Team.API.csproj", "{8A1E412D-8BE3-4E5D-90AE-9627DA7DD118}"
EndProject
Project("{FAE04EC0-301F-11D3-BF4B-00C04F79EFBC}") = "GoBike.Team.Service", "GoBike.Team.Service\GoBike.Team.Service.csproj", "{E020F234-2910-4711-8916-FCEDAFBC36C2}"
EndProject
Project("{FAE04EC0-301F-11D3-BF4B-00C04F79EFBC}") = "GoBike.Team.Repository", "GoBike.Team.Repository\GoBike.Team.Repository.csproj", "{5DA1148D-A879-4A81-A071-32A0655EB04E}"
EndProject
Project("{FAE04EC0-301F-11D3-BF4B-00C04F79EFBC}") = "GoBike.Team.Core", "GoBike.Team.Core\GoBike.Team.Core.csproj", "{FD6AFCFA-D43B-4338-BE28-C90DD43291E0}"
EndProject
Global
	GlobalSection(SolutionConfigurationPlatforms) = preSolution
		Debug|Any CPU = Debug|Any CPU
		Release|Any CPU = Release|Any CPU
	EndGlobalSection
	GlobalSection(ProjectConfigurationPlatforms) = postSolution
		{8A1E412D-8BE3-4E5D-90AE-9627DA7DD118}.Debug|Any CPU.ActiveCfg = Debug|Any CPU
		{8A1E412D-8BE3-4E5D-90AE-9627DA7DD118}.Debug|Any CPU.Build.0 = Debug|Any CPU
		{8A1E412D-8BE3-4E5D-90AE-9627DA7DD118}.Release|Any CPU.ActiveCfg = Release|Any CPU
		{8A1E412D-8BE3-4E5D-90AE-9627DA7DD118}.Release|Any CPU.Build.0 = Release|Any CPU
		{E020F234-2910-4711-8916-FCEDAFBC36C2}.Debug|Any CPU.ActiveCfg = Debug|Any CPU
		{E020F234-2910-4711-8916-FCEDAFBC36C2}.Debug|Any CPU.Build.0 = Debug|Any CPU
		{E020F234-2910-4711-8916-FCEDAFBC36C2}.Release|Any CPU.ActiveCfg = Release|Any CPU
		{E020F234-2910-4711-8916-FCEDAFBC36C2}.Release|Any CPU.Build.0 = Release|Any CPU
		{5DA1148D-A879-4A81-A071-32A0655EB04E}.Debug|Any CPU.ActiveCfg = Debug|Any CPU
		{5DA1148D-A879-4A81-A071-32A0655EB04E}.Debug|Any CPU.Build.0 = Debug|Any CPU
		{5DA1148D-A879-4A81-A071-32A0655EB04E}.Release|Any CPU.ActiveCfg = Release|Any CPU
		{5DA1148D-A879-4A81-A071-32A0655EB04E}.Release|Any CPU.Build.0 = Release|Any CPU
		{FD6AFCFA-D43B-4338-BE28-C90DD43291E0}.Debug|Any CPU.ActiveCfg = Debug|Any CPU
		{FD6AFCFA-D43B-4338-BE28-C90DD43291E0}.Debug|Any CPU.Build.0 = Debug|Any CPU
		{FD6AFCFA-D43B-4338-BE28-C90DD43291E0}.Release|Any CPU.ActiveCfg = Release|Any CPU
		{FD6AFCFA-D43B-4338-BE28-C90DD43291E0}.Release|Any CPU.Build.0 = Release|Any CPU
	EndGlobalSection
	GlobalSection(SolutionProperties) = preSolution
		HideSolutionNode = FALSE
	EndGlobalSection
	GlobalSection(ExtensibilityGlobals) = postSolution
		SolutionGuid = {59FD205C-23B2-4FD4-BAF7-D5ECCE0C608E}
	EndGlobalSection
EndGlobal
