
Microsoft Visual Studio Solution File, Format Version 12.00
# Visual Studio 15
VisualStudioVersion = 15.0.28307.271
MinimumVisualStudioVersion = 10.0.40219.1
Project("{FAE04EC0-301F-11D3-BF4B-00C04F79EFBC}") = "GoBike.Member.API", "GoBike.Member.API\GoBike.Member.API.csproj", "{FD7D4AA7-AED8-4EFF-885E-CB8F03614ED8}"
EndProject
Project("{FAE04EC0-301F-11D3-BF4B-00C04F79EFBC}") = "GoBike.Member.Core", "GoBike.Member.Core\GoBike.Member.Core.csproj", "{83E743F4-E119-46CE-AFF0-AD29C812960B}"
EndProject
Project("{FAE04EC0-301F-11D3-BF4B-00C04F79EFBC}") = "GoBike.Member.Service", "GoBike.Member.Service\GoBike.Member.Service.csproj", "{96EE4E2D-CEC0-4741-AEFD-3BEE600AD509}"
EndProject
Project("{FAE04EC0-301F-11D3-BF4B-00C04F79EFBC}") = "GoBike.Member.Repository", "GoBike.Member.Repository\GoBike.Member.Repository.csproj", "{BAA41FDF-3157-462D-AB9C-82ABFFC0CC7F}"
EndProject
Global
	GlobalSection(SolutionConfigurationPlatforms) = preSolution
		Debug|Any CPU = Debug|Any CPU
		Release|Any CPU = Release|Any CPU
	EndGlobalSection
	GlobalSection(ProjectConfigurationPlatforms) = postSolution
		{FD7D4AA7-AED8-4EFF-885E-CB8F03614ED8}.Debug|Any CPU.ActiveCfg = Debug|Any CPU
		{FD7D4AA7-AED8-4EFF-885E-CB8F03614ED8}.Debug|Any CPU.Build.0 = Debug|Any CPU
		{FD7D4AA7-AED8-4EFF-885E-CB8F03614ED8}.Release|Any CPU.ActiveCfg = Release|Any CPU
		{FD7D4AA7-AED8-4EFF-885E-CB8F03614ED8}.Release|Any CPU.Build.0 = Release|Any CPU
		{83E743F4-E119-46CE-AFF0-AD29C812960B}.Debug|Any CPU.ActiveCfg = Debug|Any CPU
		{83E743F4-E119-46CE-AFF0-AD29C812960B}.Debug|Any CPU.Build.0 = Debug|Any CPU
		{83E743F4-E119-46CE-AFF0-AD29C812960B}.Release|Any CPU.ActiveCfg = Release|Any CPU
		{83E743F4-E119-46CE-AFF0-AD29C812960B}.Release|Any CPU.Build.0 = Release|Any CPU
		{96EE4E2D-CEC0-4741-AEFD-3BEE600AD509}.Debug|Any CPU.ActiveCfg = Debug|Any CPU
		{96EE4E2D-CEC0-4741-AEFD-3BEE600AD509}.Debug|Any CPU.Build.0 = Debug|Any CPU
		{96EE4E2D-CEC0-4741-AEFD-3BEE600AD509}.Release|Any CPU.ActiveCfg = Release|Any CPU
		{96EE4E2D-CEC0-4741-AEFD-3BEE600AD509}.Release|Any CPU.Build.0 = Release|Any CPU
		{BAA41FDF-3157-462D-AB9C-82ABFFC0CC7F}.Debug|Any CPU.ActiveCfg = Debug|Any CPU
		{BAA41FDF-3157-462D-AB9C-82ABFFC0CC7F}.Debug|Any CPU.Build.0 = Debug|Any CPU
		{BAA41FDF-3157-462D-AB9C-82ABFFC0CC7F}.Release|Any CPU.ActiveCfg = Release|Any CPU
		{BAA41FDF-3157-462D-AB9C-82ABFFC0CC7F}.Release|Any CPU.Build.0 = Release|Any CPU
	EndGlobalSection
	GlobalSection(SolutionProperties) = preSolution
		HideSolutionNode = FALSE
	EndGlobalSection
	GlobalSection(ExtensibilityGlobals) = postSolution
		SolutionGuid = {FBE03558-1543-4B40-8D97-E77EA0330D1F}
	EndGlobalSection
EndGlobal
